
Microsoft Visual Studio Solution File, Format Version 12.00
# Visual Studio Version 17
VisualStudioVersion = 17.14.37314.3 d17.14
MinimumVisualStudioVersion = 10.0.40219.1
Project("{FAE04EC0-301F-11D3-BF4B-00C04F79EFBC}") = "LMS_DotNETCore_MVC", "LMS_DotNETCore_MVC.csproj", "{BCECF3E9-438C-4ACC-9B01-DF9D3DB2D357}"
EndProject
Global
	GlobalSection(SolutionConfigurationPlatforms) = preSolution
		Debug|Any CPU = Debug|Any CPU
		Release|Any CPU = Release|Any CPU
	EndGlobalSection
	GlobalSection(ProjectConfigurationPlatforms) = postSolution
		{BCECF3E9-438C-4ACC-9B01-DF9D3DB2D357}.Debug|Any CPU.ActiveCfg = Debug|Any CPU
		{BCECF3E9-438C-4ACC-9B01-DF9D3DB2D357}.Debug|Any CPU.Build.0 = Debug|Any CPU
		{BCECF3E9-438C-4ACC-9B01-DF9D3DB2D357}.Release|Any CPU.ActiveCfg = Release|Any CPU
		{BCECF3E9-438C-4ACC-9B01-DF9D3DB2D357}.Release|Any CPU.Build.0 = Release|Any CPU
	EndGlobalSection
	GlobalSection(SolutionProperties) = preSolution
		HideSolutionNode = FALSE
	EndGlobalSection
	GlobalSection(ExtensibilityGlobals) = postSolution
		SolutionGuid = {23B51145-2A17-4E88-82D6-D961B83843E0}
	EndGlobalSection
EndGlobal
